
Microsoft Visual Studio Solution File, Format Version 12.00
# Visual Studio Version 17
VisualStudioVersion = 17.14.36518.9
MinimumVisualStudioVersion = 10.0.40219.1
Project("{2150E333-8FDC-42A3-9474-1A3956D46DE8}") = "Task0", "Task0", "{02EA681E-C7D8-13C7-8484-4AC65E1B71E8}"
EndProject
Project("{FAE04EC0-301F-11D3-BF4B-00C04F79EFBC}") = "Tyuiu.ShiganovaAV.Sprint2.Task0.V18", "Tyuiu.ShiganovaAV.Sprint2.Task0.V18\Tyuiu.ShiganovaAV.Sprint2.Task0.V18.csproj", "{27312C0D-72D4-4D74-A142-FEA38A80A4E6}"
EndProject
Project("{FAE04EC0-301F-11D3-BF4B-00C04F79EFBC}") = "Tyuiu.ShiganovaAV.Sprint2.Task0.V18.Lib", "Tyuiu.ShiganovaAV.Sprint2.Task0.V18.Lib\Tyuiu.ShiganovaAV.Sprint2.Task0.V18.Lib.csproj", "{968434FC-5F02-49C1-8680-B96FA53BA071}"
EndProject
Project("{FAE04EC0-301F-11D3-BF4B-00C04F79EFBC}") = "Tyuiu.ShiganovaAV.Sprint2.Task0.V18.Test", "Tyuiu.ShiganovaAV.Sprint2.Task0.V18.Test\Tyuiu.ShiganovaAV.Sprint2.Task0.V18.Test.csproj", "{422307B7-8F8C-4147-BAA8-96DF705EC597}"
EndProject
Project("{2150E333-8FDC-42A3-9474-1A3956D46DE8}") = "Task1", "Task1", "{D1349D61-98A4-4AE6-9C3E-B66267061035}"
EndProject
Project("{FAE04EC0-301F-11D3-BF4B-00C04F79EFBC}") = "Tyuiu.ShiganovaAV.Sprint2.Task1.V16", "Tyuiu.ShiganovaAV.Sprint2.Task1.V16\Tyuiu.ShiganovaAV.Sprint2.Task1.V16.csproj", "{11EB141D-BC64-462C-9707-0819074E39B4}"
EndProject
Project("{FAE04EC0-301F-11D3-BF4B-00C04F79EFBC}") = "Tyuiu.ShiganovaAV.Sprint2.Task1.V16.Test", "Tyuiu.ShiganovaAV.Sprint2.Task1.V16.Test\Tyuiu.ShiganovaAV.Sprint2.Task1.V16.Test.csproj", "{6BED3E7E-0483-422C-9DFB-35CF48AB4997}"
EndProject
Project("{FAE04EC0-301F-11D3-BF4B-00C04F79EFBC}") = "Tyuiu.ShiganovaAV.Sprint2.Task1.V16.Lib", "Tyuiu.ShiganovaAV.Sprint2.Task1.V16.Lib\Tyuiu.ShiganovaAV.Sprint2.Task1.V16.Lib.csproj", "{12ADFF95-5E33-4774-BA35-DC6ED71C3EC0}"
EndProject
Project("{2150E333-8FDC-42A3-9474-1A3956D46DE8}") = "Task2", "Task2", "{FB430112-0987-463B-8370-D03EEC4F4A02}"
EndProject
Project("{FAE04EC0-301F-11D3-BF4B-00C04F79EFBC}") = "Tyuiu.ShiganovaAV.Sprint2.Task2.V5", "Tyuiu.ShiganovaAV.Sprint2.Task2.V5\Tyuiu.ShiganovaAV.Sprint2.Task2.V5.csproj", "{A199B317-B1E6-4399-9617-FCCF5DA396CC}"
EndProject
Project("{FAE04EC0-301F-11D3-BF4B-00C04F79EFBC}") = "Tyuiu.ShiganovaAV.Sprint2.Task2.V5.Lib", "Tyuiu.ShiganovaAV.Sprint2.Task2.V5.Lib\Tyuiu.ShiganovaAV.Sprint2.Task2.V5.Lib.csproj", "{51632969-EE40-4AE3-B813-981B81829364}"
EndProject
Project("{FAE04EC0-301F-11D3-BF4B-00C04F79EFBC}") = "Tyuiu.ShiganovaAV.Sprint2.Task2.V5.Test", "Tyuiu.ShiganovaAV.Sprint2.Task2.V5.Test\Tyuiu.ShiganovaAV.Sprint2.Task2.V5.Test.csproj", "{9BBE8C36-0FA9-4C76-8F24-AFF9D2A54F2C}"
EndProject
Project("{2150E333-8FDC-42A3-9474-1A3956D46DE8}") = "Task3", "Task3", "{9869A5F0-0D64-4EF2-B1BE-4FD2B47CF0DE}"
EndProject
Project("{FAE04EC0-301F-11D3-BF4B-00C04F79EFBC}") = "Tyuiu.ShiganovaAV.Sprint2.Task3.V3", "Tyuiu.ShiganovaAV.Sprint2.Task3.V3\Tyuiu.ShiganovaAV.Sprint2.Task3.V3.csproj", "{D11468F5-D2DE-41FC-B294-DD1A45B929E5}"
EndProject
Project("{FAE04EC0-301F-11D3-BF4B-00C04F79EFBC}") = "Tyuiu.ShiganovaAV.Sprint2.Task3.V3.Test", "Tyuiu.ShiganovaAV.Sprint2.Task3.V3.Test\Tyuiu.ShiganovaAV.Sprint2.Task3.V3.Test.csproj", "{0A46426F-7BE7-4C38-9CE5-BBB9F821787E}"
EndProject
Project("{FAE04EC0-301F-11D3-BF4B-00C04F79EFBC}") = "Tyuiu.ShiganovaAV.Sprint2.Task3.V3.Lib", "Tyuiu.ShiganovaAV.Sprint2.Task3.V3.Lib\Tyuiu.ShiganovaAV.Sprint2.Task3.V3.Lib.csproj", "{562B6CBF-4970-4341-A8BC-EF1FDDFFA189}"
EndProject
Project("{2150E333-8FDC-42A3-9474-1A3956D46DE8}") = "Task4", "Task4", "{C171B89B-3115-4D8D-8A09-44897B738380}"
EndProject
Project("{FAE04EC0-301F-11D3-BF4B-00C04F79EFBC}") = "Tyuiu.ShiganovaAV.Sprint2.Task4.V21", "Tyuiu.ShiganovaAV.Sprint2.Task4.V21\Tyuiu.ShiganovaAV.Sprint2.Task4.V21.csproj", "{07ECAFCE-8BD6-4E52-983F-EB5A7266BFB6}"
EndProject
Project("{FAE04EC0-301F-11D3-BF4B-00C04F79EFBC}") = "Tyuiu.ShiganovaAV.Sprint2.Task4.V21.Lib", "Tyuiu.ShiganovaAV.Sprint2.Task4.V21.Lib\Tyuiu.ShiganovaAV.Sprint2.Task4.V21.Lib.csproj", "{69C98135-307C-403B-9F54-458235064932}"
EndProject
Project("{FAE04EC0-301F-11D3-BF4B-00C04F79EFBC}") = "Tyuiu.ShiganovaAV.Sprint2.Task4.V21.Test", "Tyuiu.ShiganovaAV.Sprint2.Task4.V21.Test\Tyuiu.ShiganovaAV.Sprint2.Task4.V21.Test.csproj", "{193C7DC3-E67B-4663-888E-D615E301E958}"
EndProject
Project("{2150E333-8FDC-42A3-9474-1A3956D46DE8}") = "Task5", "Task5", "{DF905D76-60BC-42D5-A654-DC08CD0107B7}"
EndProject
Project("{FAE04EC0-301F-11D3-BF4B-00C04F79EFBC}") = "Tyuiu.ShiganovaAV.Sprint2.Task5.V2", "Tyuiu.ShiganovaAV.Sprint2.Task5.V2\Tyuiu.ShiganovaAV.Sprint2.Task5.V2.csproj", "{89A75381-2418-4C99-8040-0227F4DE6BDD}"
EndProject
Project("{FAE04EC0-301F-11D3-BF4B-00C04F79EFBC}") = "Tyuiu.ShiganovaAV.Sprint2.Task5.V2.Lib", "Tyuiu.ShiganovaAV.Sprint2.Task5.V2.Lib\Tyuiu.ShiganovaAV.Sprint2.Task5.V2.Lib.csproj", "{6EAB908A-7DA5-4FBA-BB1B-644D87C14B31}"
EndProject
Project("{FAE04EC0-301F-11D3-BF4B-00C04F79EFBC}") = "Tyuiu.ShiganovaAV.Sprint2.Task5.V2.Test", "Tyuiu.ShiganovaAV.Sprint2.Task5.V2.Test\Tyuiu.ShiganovaAV.Sprint2.Task5.V2.Test.csproj", "{223870BD-DE66-4A97-8926-D04D683D293B}"
EndProject
Project("{2150E333-8FDC-42A3-9474-1A3956D46DE8}") = "Task6", "Task6", "{9FEE563F-B075-4497-8EAC-6B2BC59A9CD6}"
EndProject
Project("{FAE04EC0-301F-11D3-BF4B-00C04F79EFBC}") = "Tyuiu.ShiganovaAV.Sprint2.Task6.V4", "Tyuiu.ShiganovaAV.Sprint2.Task6.V4\Tyuiu.ShiganovaAV.Sprint2.Task6.V4.csproj", "{36CD551B-F391-4F2B-B842-00A4C3469660}"
EndProject
Project("{FAE04EC0-301F-11D3-BF4B-00C04F79EFBC}") = "Tyuiu.ShiganovaAV.Sprint2.Task6.V4.Test", "Tyuiu.ShiganovaAV.Sprint2.Task6.V4.Test\Tyuiu.ShiganovaAV.Sprint2.Task6.V4.Test.csproj", "{8FB99C85-C74C-4C60-A1D9-2465A40E7236}"
EndProject
Project("{FAE04EC0-301F-11D3-BF4B-00C04F79EFBC}") = "Tyuiu.ShiganovaAV.Sprint2.Task6.V4.Lib", "Tyuiu.ShiganovaAV.Sprint2.Task6.V4.Lib\Tyuiu.ShiganovaAV.Sprint2.Task6.V4.Lib.csproj", "{F402CB53-A087-4720-9663-615741783D31}"
EndProject
Project("{2150E333-8FDC-42A3-9474-1A3956D46DE8}") = "Task7", "Task7", "{4B37BD3D-8C8F-4AD4-ACF9-18615691EF6F}"
EndProject
Project("{FAE04EC0-301F-11D3-BF4B-00C04F79EFBC}") = "Tyuiu.ShiganovaAV.Sprint2.Task7.V5", "Tyuiu.ShiganovaAV.Sprint2.Task7.V5\Tyuiu.ShiganovaAV.Sprint2.Task7.V5.csproj", "{F18A1B6E-1D63-43A3-A66B-888E01554A97}"
EndProject
Project("{FAE04EC0-301F-11D3-BF4B-00C04F79EFBC}") = "Tyuiu.ShiganovaAV.Sprint2.Task7.V5.Lib", "Tyuiu.ShiganovaAV.Sprint2.Task7.V5.Lib\Tyuiu.ShiganovaAV.Sprint2.Task7.V5.Lib.csproj", "{07F8E070-4B09-4B54-AAA5-F1A40FE1A4D5}"
EndProject
Project("{FAE04EC0-301F-11D3-BF4B-00C04F79EFBC}") = "Tyuiu.ShiganovaAV.Sprint2.Task7.V5.Test", "Tyuiu.ShiganovaAV.Sprint2.Task7.V5.Test\Tyuiu.ShiganovaAV.Sprint2.Task7.V5.Test.csproj", "{C78336B6-CD70-4526-A085-C53575CD6C05}"
EndProject
Global
	GlobalSection(SolutionConfigurationPlatforms) = preSolution
		Debug|Any CPU = Debug|Any CPU
		Release|Any CPU = Release|Any CPU
	EndGlobalSection
	GlobalSection(ProjectConfigurationPlatforms) = postSolution
		{27312C0D-72D4-4D74-A142-FEA38A80A4E6}.Debug|Any CPU.ActiveCfg = Debug|Any CPU
		{27312C0D-72D4-4D74-A142-FEA38A80A4E6}.Debug|Any CPU.Build.0 = Debug|Any CPU
		{27312C0D-72D4-4D74-A142-FEA38A80A4E6}.Release|Any CPU.ActiveCfg = Release|Any CPU
		{27312C0D-72D4-4D74-A142-FEA38A80A4E6}.Release|Any CPU.Build.0 = Release|Any CPU
		{968434FC-5F02-49C1-8680-B96FA53BA071}.Debug|Any CPU.ActiveCfg = Debug|Any CPU
		{968434FC-5F02-49C1-8680-B96FA53BA071}.Debug|Any CPU.Build.0 = Debug|Any CPU
		{968434FC-5F02-49C1-8680-B96FA53BA071}.Release|Any CPU.ActiveCfg = Release|Any CPU
		{968434FC-5F02-49C1-8680-B96FA53BA071}.Release|Any CPU.Build.0 = Release|Any CPU
		{422307B7-8F8C-4147-BAA8-96DF705EC597}.Debug|Any CPU.ActiveCfg = Debug|Any CPU
		{422307B7-8F8C-4147-BAA8-96DF705EC597}.Debug|Any CPU.Build.0 = Debug|Any CPU
		{422307B7-8F8C-4147-BAA8-96DF705EC597}.Release|Any CPU.ActiveCfg = Release|Any CPU
		{422307B7-8F8C-4147-BAA8-96DF705EC597}.Release|Any CPU.Build.0 = Release|Any CPU
		{11EB141D-BC64-462C-9707-0819074E39B4}.Debug|Any CPU.ActiveCfg = Debug|Any CPU
		{11EB141D-BC64-462C-9707-0819074E39B4}.Debug|Any CPU.Build.0 = Debug|Any CPU
		{11EB141D-BC64-462C-9707-0819074E39B4}.Release|Any CPU.ActiveCfg = Release|Any CPU
		{11EB141D-BC64-462C-9707-0819074E39B4}.Release|Any CPU.Build.0 = Release|Any CPU
		{6BED3E7E-0483-422C-9DFB-35CF48AB4997}.Debug|Any CPU.ActiveCfg = Debug|Any CPU
		{6BED3E7E-0483-422C-9DFB-35CF48AB4997}.Debug|Any CPU.Build.0 = Debug|Any CPU
		{6BED3E7E-0483-422C-9DFB-35CF48AB4997}.Release|Any CPU.ActiveCfg = Release|Any CPU
		{6BED3E7E-0483-422C-9DFB-35CF48AB4997}.Release|Any CPU.Build.0 = Release|Any CPU
		{12ADFF95-5E33-4774-BA35-DC6ED71C3EC0}.Debug|Any CPU.ActiveCfg = Debug|Any CPU
		{12ADFF95-5E33-4774-BA35-DC6ED71C3EC0}.Debug|Any CPU.Build.0 = Debug|Any CPU
		{12ADFF95-5E33-4774-BA35-DC6ED71C3EC0}.Release|Any CPU.ActiveCfg = Release|Any CPU
		{12ADFF95-5E33-4774-BA35-DC6ED71C3EC0}.Release|Any CPU.Build.0 = Release|Any CPU
		{A199B317-B1E6-4399-9617-FCCF5DA396CC}.Debug|Any CPU.ActiveCfg = Debug|Any CPU
		{A199B317-B1E6-4399-9617-FCCF5DA396CC}.Debug|Any CPU.Build.0 = Debug|Any CPU
		{A199B317-B1E6-4399-9617-FCCF5DA396CC}.Release|Any CPU.ActiveCfg = Release|Any CPU
		{A199B317-B1E6-4399-9617-FCCF5DA396CC}.Release|Any CPU.Build.0 = Release|Any CPU
		{51632969-EE40-4AE3-B813-981B81829364}.Debug|Any CPU.ActiveCfg = Debug|Any CPU
		{51632969-EE40-4AE3-B813-981B81829364}.Debug|Any CPU.Build.0 = Debug|Any CPU
		{51632969-EE40-4AE3-B813-981B81829364}.Release|Any CPU.ActiveCfg = Release|Any CPU
		{51632969-EE40-4AE3-B813-981B81829364}.Release|Any CPU.Build.0 = Release|Any CPU
		{9BBE8C36-0FA9-4C76-8F24-AFF9D2A54F2C}.Debug|Any CPU.ActiveCfg = Debug|Any CPU
		{9BBE8C36-0FA9-4C76-8F24-AFF9D2A54F2C}.Debug|Any CPU.Build.0 = Debug|Any CPU
		{9BBE8C36-0FA9-4C76-8F24-AFF9D2A54F2C}.Release|Any CPU.ActiveCfg = Release|Any CPU
		{9BBE8C36-0FA9-4C76-8F24-AFF9D2A54F2C}.Release|Any CPU.Build.0 = Release|Any CPU
		{D11468F5-D2DE-41FC-B294-DD1A45B929E5}.Debug|Any CPU.ActiveCfg = Debug|Any CPU
		{D11468F5-D2DE-41FC-B294-DD1A45B929E5}.Debug|Any CPU.Build.0 = Debug|Any CPU
		{D11468F5-D2DE-41FC-B294-DD1A45B929E5}.Release|Any CPU.ActiveCfg = Release|Any CPU
		{D11468F5-D2DE-41FC-B294-DD1A45B929E5}.Release|Any CPU.Build.0 = Release|Any CPU
		{0A46426F-7BE7-4C38-9CE5-BBB9F821787E}.Debug|Any CPU.ActiveCfg = Debug|Any CPU
		{0A46426F-7BE7-4C38-9CE5-BBB9F821787E}.Debug|Any CPU.Build.0 = Debug|Any CPU
		{0A46426F-7BE7-4C38-9CE5-BBB9F821787E}.Release|Any CPU.ActiveCfg = Release|Any CPU
		{0A46426F-7BE7-4C38-9CE5-BBB9F821787E}.Release|Any CPU.Build.0 = Release|Any CPU
		{562B6CBF-4970-4341-A8BC-EF1FDDFFA189}.Debug|Any CPU.ActiveCfg = Debug|Any CPU
		{562B6CBF-4970-4341-A8BC-EF1FDDFFA189}.Debug|Any CPU.Build.0 = Debug|Any CPU
		{562B6CBF-4970-4341-A8BC-EF1FDDFFA189}.Release|Any CPU.ActiveCfg = Release|Any CPU
		{562B6CBF-4970-4341-A8BC-EF1FDDFFA189}.Release|Any CPU.Build.0 = Release|Any CPU
		{07ECAFCE-8BD6-4E52-983F-EB5A7266BFB6}.Debug|Any CPU.ActiveCfg = Debug|Any CPU
		{07ECAFCE-8BD6-4E52-983F-EB5A7266BFB6}.Debug|Any CPU.Build.0 = Debug|Any CPU
		{07ECAFCE-8BD6-4E52-983F-EB5A7266BFB6}.Release|Any CPU.ActiveCfg = Release|Any CPU
		{07ECAFCE-8BD6-4E52-983F-EB5A7266BFB6}.Release|Any CPU.Build.0 = Release|Any CPU
		{69C98135-307C-403B-9F54-458235064932}.Debug|Any CPU.ActiveCfg = Debug|Any CPU
		{69C98135-307C-403B-9F54-458235064932}.Debug|Any CPU.Build.0 = Debug|Any CPU
		{69C98135-307C-403B-9F54-458235064932}.Release|Any CPU.ActiveCfg = Release|Any CPU
		{69C98135-307C-403B-9F54-458235064932}.Release|Any CPU.Build.0 = Release|Any CPU
		{193C7DC3-E67B-4663-888E-D615E301E958}.Debug|Any CPU.ActiveCfg = Debug|Any CPU
		{193C7DC3-E67B-4663-888E-D615E301E958}.Debug|Any CPU.Build.0 = Debug|Any CPU
		{193C7DC3-E67B-4663-888E-D615E301E958}.Release|Any CPU.ActiveCfg = Release|Any CPU
		{193C7DC3-E67B-4663-888E-D615E301E958}.Release|Any CPU.Build.0 = Release|Any CPU
		{89A75381-2418-4C99-8040-0227F4DE6BDD}.Debug|Any CPU.ActiveCfg = Debug|Any CPU
		{89A75381-2418-4C99-8040-0227F4DE6BDD}.Debug|Any CPU.Build.0 = Debug|Any CPU
		{89A75381-2418-4C99-8040-0227F4DE6BDD}.Release|Any CPU.ActiveCfg = Release|Any CPU
		{89A75381-2418-4C99-8040-0227F4DE6BDD}.Release|Any CPU.Build.0 = Release|Any CPU
		{6EAB908A-7DA5-4FBA-BB1B-644D87C14B31}.Debug|Any CPU.ActiveCfg = Debug|Any CPU
		{6EAB908A-7DA5-4FBA-BB1B-644D87C14B31}.Debug|Any CPU.Build.0 = Debug|Any CPU
		{6EAB908A-7DA5-4FBA-BB1B-644D87C14B31}.Release|Any CPU.ActiveCfg = Release|Any CPU
		{6EAB908A-7DA5-4FBA-BB1B-644D87C14B31}.Release|Any CPU.Build.0 = Release|Any CPU
		{223870BD-DE66-4A97-8926-D04D683D293B}.Debug|Any CPU.ActiveCfg = Debug|Any CPU
		{223870BD-DE66-4A97-8926-D04D683D293B}.Debug|Any CPU.Build.0 = Debug|Any CPU
		{223870BD-DE66-4A97-8926-D04D683D293B}.Release|Any CPU.ActiveCfg = Release|Any CPU
		{223870BD-DE66-4A97-8926-D04D683D293B}.Release|Any CPU.Build.0 = Release|Any CPU
		{36CD551B-F391-4F2B-B842-00A4C3469660}.Debug|Any CPU.ActiveCfg = Debug|Any CPU
		{36CD551B-F391-4F2B-B842-00A4C3469660}.Debug|Any CPU.Build.0 = Debug|Any CPU
		{36CD551B-F391-4F2B-B842-00A4C3469660}.Release|Any CPU.ActiveCfg = Release|Any CPU
		{36CD551B-F391-4F2B-B842-00A4C3469660}.Release|Any CPU.Build.0 = Release|Any CPU
		{8FB99C85-C74C-4C60-A1D9-2465A40E7236}.Debug|Any CPU.ActiveCfg = Debug|Any CPU
		{8FB99C85-C74C-4C60-A1D9-2465A40E7236}.Debug|Any CPU.Build.0 = Debug|Any CPU
		{8FB99C85-C74C-4C60-A1D9-2465A40E7236}.Release|Any CPU.ActiveCfg = Release|Any CPU
		{8FB99C85-C74C-4C60-A1D9-2465A40E7236}.Release|Any CPU.Build.0 = Release|Any CPU
		{F402CB53-A087-4720-9663-615741783D31}.Debug|Any CPU.ActiveCfg = Debug|Any CPU
		{F402CB53-A087-4720-9663-615741783D31}.Debug|Any CPU.Build.0 = Debug|Any CPU
		{F402CB53-A087-4720-9663-615741783D31}.Release|Any CPU.ActiveCfg = Release|Any CPU
		{F402CB53-A087-4720-9663-615741783D31}.Release|Any CPU.Build.0 = Release|Any CPU
		{F18A1B6E-1D63-43A3-A66B-888E01554A97}.Debug|Any CPU.ActiveCfg = Debug|Any CPU
		{F18A1B6E-1D63-43A3-A66B-888E01554A97}.Debug|Any CPU.Build.0 = Debug|Any CPU
		{F18A1B6E-1D63-43A3-A66B-888E01554A97}.Release|Any CPU.ActiveCfg = Release|Any CPU
		{F18A1B6E-1D63-43A3-A66B-888E01554A97}.Release|Any CPU.Build.0 = Release|Any CPU
		{07F8E070-4B09-4B54-AAA5-F1A40FE1A4D5}.Debug|Any CPU.ActiveCfg = Debug|Any CPU
		{07F8E070-4B09-4B54-AAA5-F1A40FE1A4D5}.Debug|Any CPU.Build.0 = Debug|Any CPU
		{07F8E070-4B09-4B54-AAA5-F1A40FE1A4D5}.Release|Any CPU.ActiveCfg = Release|Any CPU
		{07F8E070-4B09-4B54-AAA5-F1A40FE1A4D5}.Release|Any CPU.Build.0 = Release|Any CPU
		{C78336B6-CD70-4526-A085-C53575CD6C05}.Debug|Any CPU.ActiveCfg = Debug|Any CPU
		{C78336B6-CD70-4526-A085-C53575CD6C05}.Debug|Any CPU.Build.0 = Debug|Any CPU
		{C78336B6-CD70-4526-A085-C53575CD6C05}.Release|Any CPU.ActiveCfg = Release|Any CPU
		{C78336B6-CD70-4526-A085-C53575CD6C05}.Release|Any CPU.Build.0 = Release|Any CPU
	EndGlobalSection
	GlobalSection(SolutionProperties) = preSolution
		HideSolutionNode = FALSE
	EndGlobalSection
	GlobalSection(NestedProjects) = preSolution
		{27312C0D-72D4-4D74-A142-FEA38A80A4E6} = {02EA681E-C7D8-13C7-8484-4AC65E1B71E8}
		{968434FC-5F02-49C1-8680-B96FA53BA071} = {02EA681E-C7D8-13C7-8484-4AC65E1B71E8}
		{422307B7-8F8C-4147-BAA8-96DF705EC597} = {02EA681E-C7D8-13C7-8484-4AC65E1B71E8}
		{11EB141D-BC64-462C-9707-0819074E39B4} = {D1349D61-98A4-4AE6-9C3E-B66267061035}
		{6BED3E7E-0483-422C-9DFB-35CF48AB4997} = {D1349D61-98A4-4AE6-9C3E-B66267061035}
		{12ADFF95-5E33-4774-BA35-DC6ED71C3EC0} = {D1349D61-98A4-4AE6-9C3E-B66267061035}
		{A199B317-B1E6-4399-9617-FCCF5DA396CC} = {FB430112-0987-463B-8370-D03EEC4F4A02}
		{51632969-EE40-4AE3-B813-981B81829364} = {FB430112-0987-463B-8370-D03EEC4F4A02}
		{9BBE8C36-0FA9-4C76-8F24-AFF9D2A54F2C} = {FB430112-0987-463B-8370-D03EEC4F4A02}
		{D11468F5-D2DE-41FC-B294-DD1A45B929E5} = {9869A5F0-0D64-4EF2-B1BE-4FD2B47CF0DE}
		{0A46426F-7BE7-4C38-9CE5-BBB9F821787E} = {9869A5F0-0D64-4EF2-B1BE-4FD2B47CF0DE}
		{562B6CBF-4970-4341-A8BC-EF1FDDFFA189} = {9869A5F0-0D64-4EF2-B1BE-4FD2B47CF0DE}
		{07ECAFCE-8BD6-4E52-983F-EB5A7266BFB6} = {C171B89B-3115-4D8D-8A09-44897B738380}
		{69C98135-307C-403B-9F54-458235064932} = {C171B89B-3115-4D8D-8A09-44897B738380}
		{193C7DC3-E67B-4663-888E-D615E301E958} = {C171B89B-3115-4D8D-8A09-44897B738380}
		{89A75381-2418-4C99-8040-0227F4DE6BDD} = {DF905D76-60BC-42D5-A654-DC08CD0107B7}
		{6EAB908A-7DA5-4FBA-BB1B-644D87C14B31} = {DF905D76-60BC-42D5-A654-DC08CD0107B7}
		{223870BD-DE66-4A97-8926-D04D683D293B} = {DF905D76-60BC-42D5-A654-DC08CD0107B7}
		{36CD551B-F391-4F2B-B842-00A4C3469660} = {9FEE563F-B075-4497-8EAC-6B2BC59A9CD6}
		{8FB99C85-C74C-4C60-A1D9-2465A40E7236} = {9FEE563F-B075-4497-8EAC-6B2BC59A9CD6}
		{F402CB53-A087-4720-9663-615741783D31} = {9FEE563F-B075-4497-8EAC-6B2BC59A9CD6}
		{F18A1B6E-1D63-43A3-A66B-888E01554A97} = {4B37BD3D-8C8F-4AD4-ACF9-18615691EF6F}
		{07F8E070-4B09-4B54-AAA5-F1A40FE1A4D5} = {4B37BD3D-8C8F-4AD4-ACF9-18615691EF6F}
		{C78336B6-CD70-4526-A085-C53575CD6C05} = {4B37BD3D-8C8F-4AD4-ACF9-18615691EF6F}
	EndGlobalSection
	GlobalSection(ExtensibilityGlobals) = postSolution
		SolutionGuid = {58AAB020-2D7E-41A8-B64B-35CE3F1EAE6D}
	EndGlobalSection
EndGlobal
