
Microsoft Visual Studio Solution File, Format Version 12.00
# Visual Studio Version 17
VisualStudioVersion = 17.14.36518.9
MinimumVisualStudioVersion = 10.0.40219.1
Project("{2150E333-8FDC-42A3-9474-1A3956D46DE8}") = "Task0", "Task0", "{02EA681E-C7D8-13C7-8484-4AC65E1B71E8}"
EndProject
Project("{FAE04EC0-301F-11D3-BF4B-00C04F79EFBC}") = "Tyuiu.ShiganovaAV.Sprint2.Task0.V18", "Tyuiu.ShiganovaAV.Sprint2.Task0.V18\Tyuiu.ShiganovaAV.Sprint2.Task0.V18.csproj", "{27312C0D-72D4-4D74-A142-FEA38A80A4E6}"
EndProject
Project("{FAE04EC0-301F-11D3-BF4B-00C04F79EFBC}") = "Tyuiu.ShiganovaAV.Sprint2.Task0.V18.Lib", "Tyuiu.ShiganovaAV.Sprint2.Task0.V18.Lib\Tyuiu.ShiganovaAV.Sprint2.Task0.V18.Lib.csproj", "{968434FC-5F02-49C1-8680-B96FA53BA071}"
EndProject
Project("{FAE04EC0-301F-11D3-BF4B-00C04F79EFBC}") = "Tyuiu.ShiganovaAV.Sprint2.Task0.V18.Test", "Tyuiu.ShiganovaAV.Sprint2.Task0.V18.Test\Tyuiu.ShiganovaAV.Sprint2.Task0.V18.Test.csproj", "{422307B7-8F8C-4147-BAA8-96DF705EC597}"
EndProject
Project("{2150E333-8FDC-42A3-9474-1A3956D46DE8}") = "Task1", "Task1", "{D1349D61-98A4-4AE6-9C3E-B66267061035}"
EndProject
Project("{FAE04EC0-301F-11D3-BF4B-00C04F79EFBC}") = "Tyuiu.ShiganovaAV.Sprint2.Task1.V16", "Tyuiu.ShiganovaAV.Sprint2.Task1.V16\Tyuiu.ShiganovaAV.Sprint2.Task1.V16.csproj", "{11EB141D-BC64-462C-9707-0819074E39B4}"
EndProject
Project("{FAE04EC0-301F-11D3-BF4B-00C04F79EFBC}") = "Tyuiu.ShiganovaAV.Sprint2.Task1.V16.Test", "Tyuiu.ShiganovaAV.Sprint2.Task1.V16.Test\Tyuiu.ShiganovaAV.Sprint2.Task1.V16.Test.csproj", "{6BED3E7E-0483-422C-9DFB-35CF48AB4997}"
EndProject
Project("{FAE04EC0-301F-11D3-BF4B-00C04F79EFBC}") = "Tyuiu.ShiganovaAV.Sprint2.Task1.V16.Lib", "Tyuiu.ShiganovaAV.Sprint2.Task1.V16.Lib\Tyuiu.ShiganovaAV.Sprint2.Task1.V16.Lib.csproj", "{12ADFF95-5E33-4774-BA35-DC6ED71C3EC0}"
EndProject
Global
	GlobalSection(SolutionConfigurationPlatforms) = preSolution
		Debug|Any CPU = Debug|Any CPU
		Release|Any CPU = Release|Any CPU
	EndGlobalSection
	GlobalSection(ProjectConfigurationPlatforms) = postSolution
		{27312C0D-72D4-4D74-A142-FEA38A80A4E6}.Debug|Any CPU.ActiveCfg = Debug|Any CPU
		{27312C0D-72D4-4D74-A142-FEA38A80A4E6}.Debug|Any CPU.Build.0 = Debug|Any CPU
		{27312C0D-72D4-4D74-A142-FEA38A80A4E6}.Release|Any CPU.ActiveCfg = Release|Any CPU
		{27312C0D-72D4-4D74-A142-FEA38A80A4E6}.Release|Any CPU.Build.0 = Release|Any CPU
		{968434FC-5F02-49C1-8680-B96FA53BA071}.Debug|Any CPU.ActiveCfg = Debug|Any CPU
		{968434FC-5F02-49C1-8680-B96FA53BA071}.Debug|Any CPU.Build.0 = Debug|Any CPU
		{968434FC-5F02-49C1-8680-B96FA53BA071}.Release|Any CPU.ActiveCfg = Release|Any CPU
		{968434FC-5F02-49C1-8680-B96FA53BA071}.Release|Any CPU.Build.0 = Release|Any CPU
		{422307B7-8F8C-4147-BAA8-96DF705EC597}.Debug|Any CPU.ActiveCfg = Debug|Any CPU
		{422307B7-8F8C-4147-BAA8-96DF705EC597}.Debug|Any CPU.Build.0 = Debug|Any CPU
		{422307B7-8F8C-4147-BAA8-96DF705EC597}.Release|Any CPU.ActiveCfg = Release|Any CPU
		{422307B7-8F8C-4147-BAA8-96DF705EC597}.Release|Any CPU.Build.0 = Release|Any CPU
		{11EB141D-BC64-462C-9707-0819074E39B4}.Debug|Any CPU.ActiveCfg = Debug|Any CPU
		{11EB141D-BC64-462C-9707-0819074E39B4}.Debug|Any CPU.Build.0 = Debug|Any CPU
		{11EB141D-BC64-462C-9707-0819074E39B4}.Release|Any CPU.ActiveCfg = Release|Any CPU
		{11EB141D-BC64-462C-9707-0819074E39B4}.Release|Any CPU.Build.0 = Release|Any CPU
		{6BED3E7E-0483-422C-9DFB-35CF48AB4997}.Debug|Any CPU.ActiveCfg = Debug|Any CPU
		{6BED3E7E-0483-422C-9DFB-35CF48AB4997}.Debug|Any CPU.Build.0 = Debug|Any CPU
		{6BED3E7E-0483-422C-9DFB-35CF48AB4997}.Release|Any CPU.ActiveCfg = Release|Any CPU
		{6BED3E7E-0483-422C-9DFB-35CF48AB4997}.Release|Any CPU.Build.0 = Release|Any CPU
		{12ADFF95-5E33-4774-BA35-DC6ED71C3EC0}.Debug|Any CPU.ActiveCfg = Debug|Any CPU
		{12ADFF95-5E33-4774-BA35-DC6ED71C3EC0}.Debug|Any CPU.Build.0 = Debug|Any CPU
		{12ADFF95-5E33-4774-BA35-DC6ED71C3EC0}.Release|Any CPU.ActiveCfg = Release|Any CPU
		{12ADFF95-5E33-4774-BA35-DC6ED71C3EC0}.Release|Any CPU.Build.0 = Release|Any CPU
	EndGlobalSection
	GlobalSection(SolutionProperties) = preSolution
		HideSolutionNode = FALSE
	EndGlobalSection
	GlobalSection(NestedProjects) = preSolution
		{27312C0D-72D4-4D74-A142-FEA38A80A4E6} = {02EA681E-C7D8-13C7-8484-4AC65E1B71E8}
		{968434FC-5F02-49C1-8680-B96FA53BA071} = {02EA681E-C7D8-13C7-8484-4AC65E1B71E8}
		{422307B7-8F8C-4147-BAA8-96DF705EC597} = {02EA681E-C7D8-13C7-8484-4AC65E1B71E8}
		{11EB141D-BC64-462C-9707-0819074E39B4} = {D1349D61-98A4-4AE6-9C3E-B66267061035}
		{6BED3E7E-0483-422C-9DFB-35CF48AB4997} = {D1349D61-98A4-4AE6-9C3E-B66267061035}
		{12ADFF95-5E33-4774-BA35-DC6ED71C3EC0} = {D1349D61-98A4-4AE6-9C3E-B66267061035}
	EndGlobalSection
	GlobalSection(ExtensibilityGlobals) = postSolution
		SolutionGuid = {58AAB020-2D7E-41A8-B64B-35CE3F1EAE6D}
	EndGlobalSection
EndGlobal
